// !$*UTF8*$!
{
	archiveVersion = 1;
	classes = {
	};
	objectVersion = 46;
	objects = {

/* Begin PBXBuildFile section */
		3989D6FF1AFBEF160077FF92 /* main.m in Sources */ = {isa = PBXBuildFile; fileRef = 3989D6FE1AFBEF160077FF92 /* main.m */; };
		3989D7021AFBEF160077FF92 /* AppDelegate.m in Sources */ = {isa = PBXBuildFile; fileRef = 3989D7011AFBEF160077FF92 /* AppDelegate.m */; };
		3989D7051AFBEF160077FF92 /* ViewController.m in Sources */ = {isa = PBXBuildFile; fileRef = 3989D7041AFBEF160077FF92 /* ViewController.m */; };
		3989D7081AFBEF160077FF92 /* Main.storyboard in Resources */ = {isa = PBXBuildFile; fileRef = 3989D7061AFBEF160077FF92 /* Main.storyboard */; };
		3989D70A1AFBEF160077FF92 /* Images.xcassets in Resources */ = {isa = PBXBuildFile; fileRef = 3989D7091AFBEF160077FF92 /* Images.xcassets */; };
		3989D70D1AFBEF160077FF92 /* LaunchScreen.xib in Resources */ = {isa = PBXBuildFile; fileRef = 3989D70B1AFBEF160077FF92 /* LaunchScreen.xib */; };
		3989D7191AFBEF160077FF92 /* CookedAppTests.m in Sources */ = {isa = PBXBuildFile; fileRef = 3989D7181AFBEF160077FF92 /* CookedAppTests.m */; };
/* End PBXBuildFile section */

/* Begin PBXContainerItemProxy section */
		3989D7131AFBEF160077FF92 /* PBXContainerItemProxy */ = {
			isa = PBXContainerItemProxy;
			containerPortal = 3989D6F11AFBEF160077FF92 /* Project object */;
			proxyType = 1;
			remoteGlobalIDString = 3989D6F81AFBEF160077FF92;
			remoteInfo = CookedApp;
		};
/* End PBXContainerItemProxy section */

/* Begin PBXFileReference section */
		3989D6F91AFBEF160077FF92 /* CookedApp.app */ = {isa = PBXFileReference; explicitFileType = wrapper.application; includeInIndex = 0; path = CookedApp.app; sourceTree = BUILT_PRODUCTS_DIR; };
		3989D6FD1AFBEF160077FF92 /* Info.plist */ = {isa = PBXFileReference; lastKnownFileType = text.plist.xml; path = Info.plist; sourceTree = "<group>"; };
		3989D6FE1AFBEF160077FF92 /* main.m */ = {isa = PBXFileReference; lastKnownFileType = sourcecode.c.objc; path = main.m; sourceTree = "<group>"; };
		3989D7001AFBEF160077FF92 /* AppDelegate.h */ = {isa = PBXFileReference; lastKnownFileType = sourcecode.c.h; path = AppDelegate.h; sourceTree = "<group>"; };
		3989D7011AFBEF160077FF92 /* AppDelegate.m */ = {isa = PBXFileReference; lastKnownFileType = sourcecode.c.objc; path = AppDelegate.m; sourceTree = "<group>"; };
		3989D7031AFBEF160077FF92 /* ViewController.h */ = {isa = PBXFileReference; lastKnownFileType = sourcecode.c.h; path = ViewController.h; sourceTree = "<group>"; };
		3989D7041AFBEF160077FF92 /* ViewController.m */ = {isa = PBXFileReference; lastKnownFileType = sourcecode.c.objc; path = ViewController.m; sourceTree = "<group>"; };
		3989D7071AFBEF160077FF92 /* Base */ = {isa = PBXFileReference; lastKnownFileType = file.storyboard; name = Base; path = Base.lproj/Main.storyboard; sourceTree = "<group>"; };
		3989D7091AFBEF160077FF92 /* Images.xcassets */ = {isa = PBXFileReference; lastKnownFileType = folder.assetcatalog; path = Images.xcassets; sourceTree = "<group>"; };
		3989D70C1AFBEF160077FF92 /* Base */ = {isa = PBXFileReference; lastKnownFileType = file.xib; name = Base; path = Base.lproj/LaunchScreen.xib; sourceTree = "<group>"; };
		3989D7121AFBEF160077FF92 /* CookedAppTests.xctest */ = {isa = PBXFileReference; explicitFileType = wrapper.cfbundle; includeInIndex = 0; path = CookedAppTests.xctest; sourceTree = BUILT_PRODUCTS_DIR; };
		3989D7171AFBEF160077FF92 /* Info.plist */ = {isa = PBXFileReference; lastKnownFileType = text.plist.xml; path = Info.plist; sourceTree = "<group>"; };
		3989D7181AFBEF160077FF92 /* CookedAppTests.m */ = {isa = PBXFileReference; lastKnownFileType = sourcecode.c.objc; path = CookedAppTests.m; sourceTree = "<group>"; };
/* End PBXFileReference section */

/* Begin PBXFrameworksBuildPhase section */
		3989D6F61AFBEF160077FF92 /* Frameworks */ = {
			isa = PBXFrameworksBuildPhase;
			buildActionMask = 2147483647;
			files = (
			);
			runOnlyForDeploymentPostprocessing = 0;
		};
		3989D70F1AFBEF160077FF92 /* Frameworks */ = {
			isa = PBXFrameworksBuildPhase;
			buildActionMask = 2147483647;
			files = (
			);
			runOnlyForDeploymentPostprocessing = 0;
		};
/* End PBXFrameworksBuildPhase section */

/* Begin PBXGroup section */
		3989D6F01AFBEF160077FF92 = {
			isa = PBXGroup;
			children = (
				3989D6FB1AFBEF160077FF92 /* CookedApp */,
				3989D7151AFBEF160077FF92 /* CookedAppTests */,
				3989D6FA1AFBEF160077FF92 /* Products */,
			);
			sourceTree = "<group>";
		};
		3989D6FA1AFBEF160077FF92 /* Products */ = {
			isa = PBXGroup;
			children = (
				3989D6F91AFBEF160077FF92 /* CookedApp.app */,
				3989D7121AFBEF160077FF92 /* CookedAppTests.xctest */,
			);
			name = Products;
			sourceTree = "<group>";
		};
		3989D6FB1AFBEF160077FF92 /* CookedApp */ = {
			isa = PBXGroup;
			children = (
				3989D7001AFBEF160077FF92 /* AppDelegate.h */,
				3989D7011AFBEF160077FF92 /* AppDelegate.m */,
				3989D7031AFBEF160077FF92 /* ViewController.h */,
				3989D7041AFBEF160077FF92 /* ViewController.m */,
				3989D7061AFBEF160077FF92 /* Main.storyboard */,
				3989D7091AFBEF160077FF92 /* Images.xcassets */,
				3989D70B1AFBEF160077FF92 /* LaunchScreen.xib */,
				3989D6FC1AFBEF160077FF92 /* Supporting Files */,
			);
			path = CookedApp;
			sourceTree = "<group>";
		};
		3989D6FC1AFBEF160077FF92 /* Supporting Files */ = {
			isa = PBXGroup;
			children = (
				3989D6FD1AFBEF160077FF92 /* Info.plist */,
				3989D6FE1AFBEF160077FF92 /* main.m */,
			);
			name = "Supporting Files";
			sourceTree = "<group>";
		};
		3989D7151AFBEF160077FF92 /* CookedAppTests */ = {
			isa = PBXGroup;
			children = (
				3989D7181AFBEF160077FF92 /* CookedAppTests.m */,
				3989D7161AFBEF160077FF92 /* Supporting Files */,
			);
			path = CookedAppTests;
			sourceTree = "<group>";
		};
		3989D7161AFBEF160077FF92 /* Supporting Files */ = {
			isa = PBXGroup;
			children = (
				3989D7171AFBEF160077FF92 /* Info.plist */,
			);
			name = "Supporting Files";
			sourceTree = "<group>";
		};
/* End PBXGroup section */

/* Begin PBXNativeTarget section */
		3989D6F81AFBEF160077FF92 /* CookedApp */ = {
			isa = PBXNativeTarget;
			buildConfigurationList = 3989D71C1AFBEF160077FF92 /* Build configuration list for PBXNativeTarget "CookedApp" */;
			buildPhases = (
				3989D6F51AFBEF160077FF92 /* Sources */,
				3989D6F61AFBEF160077FF92 /* Frameworks */,
				3989D6F71AFBEF160077FF92 /* Resources */,
			);
			buildRules = (
			);
			dependencies = (
			);
			name = CookedApp;
			productName = CookedApp;
			productReference = 3989D6F91AFBEF160077FF92 /* CookedApp.app */;
			productType = "com.apple.product-type.application";
		};
		3989D7111AFBEF160077FF92 /* CookedAppTests */ = {
			isa = PBXNativeTarget;
			buildConfigurationList = 3989D71F1AFBEF160077FF92 /* Build configuration list for PBXNativeTarget "CookedAppTests" */;
			buildPhases = (
				3989D70E1AFBEF160077FF92 /* Sources */,
				3989D70F1AFBEF160077FF92 /* Frameworks */,
				3989D7101AFBEF160077FF92 /* Resources */,
			);
			buildRules = (
			);
			dependencies = (
				3989D7141AFBEF160077FF92 /* PBXTargetDependency */,
			);
			name = CookedAppTests;
			productName = CookedAppTests;
			productReference = 3989D7121AFBEF160077FF92 /* CookedAppTests.xctest */;
			productType = "com.apple.product-type.bundle.unit-test";
		};
/* End PBXNativeTarget section */

/* Begin PBXProject section */
		3989D6F11AFBEF160077FF92 /* Project object */ = {
			isa = PBXProject;
			attributes = {
				LastUpgradeCheck = 0610;
				ORGANIZATIONNAME = "The Wise City";
				TargetAttributes = {
					3989D6F81AFBEF160077FF92 = {
						CreatedOnToolsVersion = 6.1.1;
					};
					3989D7111AFBEF160077FF92 = {
						CreatedOnToolsVersion = 6.1.1;
						TestTargetID = 3989D6F81AFBEF160077FF92;
					};
				};
			};
			buildConfigurationList = 3989D6F41AFBEF160077FF92 /* Build configuration list for PBXProject "CookedApp" */;
			compatibilityVersion = "Xcode 3.2";
			developmentRegion = English;
			hasScannedForEncodings = 0;
			knownRegions = (
				en,
				Base,
			);
			mainGroup = 3989D6F01AFBEF160077FF92;
			productRefGroup = 3989D6FA1AFBEF160077FF92 /* Products */;
			projectDirPath = "";
			projectRoot = "";
			targets = (
				3989D6F81AFBEF160077FF92 /* CookedApp */,
				3989D7111AFBEF160077FF92 /* CookedAppTests */,
			);
		};
/* End PBXProject section */

/* Begin PBXResourcesBuildPhase section */
		3989D6F71AFBEF160077FF92 /* Resources */ = {
			isa = PBXResourcesBuildPhase;
			buildActionMask = 2147483647;
			files = (
				3989D7081AFBEF160077FF92 /* Main.storyboard in Resources */,
				3989D70D1AFBEF160077FF92 /* LaunchScreen.xib in Resources */,
				3989D70A1AFBEF160077FF92 /* Images.xcassets in Resources */,
			);
			runOnlyForDeploymentPostprocessing = 0;
		};
		3989D7101AFBEF160077FF92 /* Resources */ = {
			isa = PBXResourcesBuildPhase;
			buildActionMask = 2147483647;
			files = (
			);
			runOnlyForDeploymentPostprocessing = 0;
		};
/* End PBXResourcesBuildPhase section */

/* Begin PBXSourcesBuildPhase section */
		3989D6F51AFBEF160077FF92 /* Sources */ = {
			isa = PBXSourcesBuildPhase;
			buildActionMask = 2147483647;
			files = (
				3989D7051AFBEF160077FF92 /* ViewController.m in Sources */,
				3989D7021AFBEF160077FF92 /* AppDelegate.m in Sources */,
				3989D6FF1AFBEF160077FF92 /* main.m in Sources */,
			);
			runOnlyForDeploymentPostprocessing = 0;
		};
		3989D70E1AFBEF160077FF92 /* Sources */ = {
			isa = PBXSourcesBuildPhase;
			buildActionMask = 2147483647;
			files = (
				3989D7191AFBEF160077FF92 /* CookedAppTests.m in Sources */,
			);
			runOnlyForDeploymentPostprocessing = 0;
		};
/* End PBXSourcesBuildPhase section */

/* Begin PBXTargetDependency section */
		3989D7141AFBEF160077FF92 /* PBXTargetDependency */ = {
			isa = PBXTargetDependency;
			target = 3989D6F81AFBEF160077FF92 /* CookedApp */;
			targetProxy = 3989D7131AFBEF160077FF92 /* PBXContainerItemProxy */;
		};
/* End PBXTargetDependency section */

/* Begin PBXVariantGroup section */
		3989D7061AFBEF160077FF92 /* Main.storyboard */ = {
			isa = PBXVariantGroup;
			children = (
				3989D7071AFBEF160077FF92 /* Base */,
			);
			name = Main.storyboard;
			sourceTree = "<group>";
		};
		3989D70B1AFBEF160077FF92 /* LaunchScreen.xib */ = {
			isa = PBXVariantGroup;
			children = (
				3989D70C1AFBEF160077FF92 /* Base */,
			);
			name = LaunchScreen.xib;
			sourceTree = "<group>";
		};
/* End PBXVariantGroup section */

/* Begin XCBuildConfiguration section */
		3989D71A1AFBEF160077FF92 /* Debug */ = {
			isa = XCBuildConfiguration;
			buildSettings = {
				ALWAYS_SEARCH_USER_PATHS = NO;
				CLANG_CXX_LANGUAGE_STANDARD = "gnu++0x";
				CLANG_CXX_LIBRARY = "libc++";
				CLANG_ENABLE_MODULES = YES;
				CLANG_ENABLE_OBJC_ARC = YES;
				CLANG_WARN_BOOL_CONVERSION = YES;
				CLANG_WARN_CONSTANT_CONVERSION = YES;
				CLANG_WARN_DIRECT_OBJC_ISA_USAGE = YES_ERROR;
				CLANG_WARN_EMPTY_BODY = YES;
				CLANG_WARN_ENUM_CONVERSION = YES;
				CLANG_WARN_INT_CONVERSION = YES;
				CLANG_WARN_OBJC_ROOT_CLASS = YES_ERROR;
				CLANG_WARN_UNREACHABLE_CODE = YES;
				CLANG_WARN__DUPLICATE_METHOD_MATCH = YES;
				"CODE_SIGN_IDENTITY[sdk=iphoneos*]" = "iPhone Developer";
				COPY_PHASE_STRIP = NO;
				ENABLE_STRICT_OBJC_MSGSEND = YES;
				GCC_C_LANGUAGE_STANDARD = gnu99;
				GCC_DYNAMIC_NO_PIC = NO;
				GCC_OPTIMIZATION_LEVEL = 0;
				GCC_PREPROCESSOR_DEFINITIONS = (
					"DEBUG=1",
					"$(inherited)",
				);
				GCC_SYMBOLS_PRIVATE_EXTERN = NO;
				GCC_WARN_64_TO_32_BIT_CONVERSION = YES;
				GCC_WARN_ABOUT_RETURN_TYPE = YES_ERROR;
				GCC_WARN_UNDECLARED_SELECTOR = YES;
				GCC_WARN_UNINITIALIZED_AUTOS = YES_AGGRESSIVE;
				GCC_WARN_UNUSED_FUNCTION = YES;
				GCC_WARN_UNUSED_VARIABLE = YES;
				IPHONEOS_DEPLOYMENT_TARGET = 8.1;
				MTL_ENABLE_DEBUG_INFO = YES;
				ONLY_ACTIVE_ARCH = YES;
				SDKROOT = iphoneos;
			};
			name = Debug;
		};
		3989D71B1AFBEF160077FF92 /* Release */ = {
			isa = XCBuildConfiguration;
			buildSettings = {
				ALWAYS_SEARCH_USER_PATHS = NO;
				CLANG_CXX_LANGUAGE_STANDARD = "gnu++0x";
				CLANG_CXX_LIBRARY = "libc++";
				CLANG_ENABLE_MODULES = YES;
				CLANG_ENABLE_OBJC_ARC = YES;
				CLANG_WARN_BOOL_CONVERSION = YES;
				CLANG_WARN_CONSTANT_CONVERSION = YES;
				CLANG_WARN_DIRECT_OBJC_ISA_USAGE = YES_ERROR;
				CLANG_WARN_EMPTY_BODY = YES;
				CLANG_WARN_ENUM_CONVERSION = YES;
				CLANG_WARN_INT_CONVERSION = YES;
				CLANG_WARN_OBJC_ROOT_CLASS = YES_ERROR;
				CLANG_WARN_UNREACHABLE_CODE = YES;
				CLANG_WARN__DUPLICATE_METHOD_MATCH = YES;
				"CODE_SIGN_IDENTITY[sdk=iphoneos*]" = "iPhone Developer";
				COPY_PHASE_STRIP = YES;
				ENABLE_NS_ASSERTIONS = NO;
				ENABLE_STRICT_OBJC_MSGSEND = YES;
				GCC_C_LANGUAGE_STANDARD = gnu99;
				GCC_WARN_64_TO_32_BIT_CONVERSION = YES;
				GCC_WARN_ABOUT_RETURN_TYPE = YES_ERROR;
				GCC_WARN_UNDECLARED_SELECTOR = YES;
				GCC_WARN_UNINITIALIZED_AUTOS = YES_AGGRESSIVE;
				GCC_WARN_UNUSED_FUNCTION = YES;
				GCC_WARN_UNUSED_VARIABLE = YES;
				IPHONEOS_DEPLOYMENT_TARGET = 8.1;
				MTL_ENABLE_DEBUG_INFO = NO;
				SDKROOT = iphoneos;
				VALIDATE_PRODUCT = YES;
			};
			name = Release;
		};
		3989D71D1AFBEF160077FF92 /* Debug */ = {
			isa = XCBuildConfiguration;
			buildSettings = {
				ASSETCATALOG_COMPILER_APPICON_NAME = AppIcon;
				INFOPLIST_FILE = CookedApp/Info.plist;
				LD_RUNPATH_SEARCH_PATHS = "$(inherited) @executable_path/Frameworks";
				PRODUCT_NAME = "$(TARGET_NAME)";
			};
			name = Debug;
		};
		3989D71E1AFBEF160077FF92 /* Release */ = {
			isa = XCBuildConfiguration;
			buildSettings = {
				ASSETCATALOG_COMPILER_APPICON_NAME = AppIcon;
				INFOPLIST_FILE = CookedApp/Info.plist;
				LD_RUNPATH_SEARCH_PATHS = "$(inherited) @executable_path/Frameworks";
				PRODUCT_NAME = "$(TARGET_NAME)";
			};
			name = Release;
		};
		3989D7201AFBEF160077FF92 /* Debug */ = {
			isa = XCBuildConfiguration;
			buildSettings = {
				BUNDLE_LOADER = "$(TEST_HOST)";
				FRAMEWORK_SEARCH_PATHS = (
					"$(SDKROOT)/Developer/Library/Frameworks",
					"$(inherited)",
				);
				GCC_PREPROCESSOR_DEFINITIONS = (
					"DEBUG=1",
					"$(inherited)",
				);
				INFOPLIST_FILE = CookedAppTests/Info.plist;
				LD_RUNPATH_SEARCH_PATHS = "$(inherited) @executable_path/Frameworks @loader_path/Frameworks";
				PRODUCT_NAME = "$(TARGET_NAME)";
				TEST_HOST = "$(BUILT_PRODUCTS_DIR)/CookedApp.app/CookedApp";
			};
			name = Debug;
		};
		3989D7211AFBEF160077FF92 /* Release */ = {
			isa = XCBuildConfiguration;
			buildSettings = {
				BUNDLE_LOADER = "$(TEST_HOST)";
				FRAMEWORK_SEARCH_PATHS = (
					"$(SDKROOT)/Developer/Library/Frameworks",
					"$(inherited)",
				);
				INFOPLIST_FILE = CookedAppTests/Info.plist;
				LD_RUNPATH_SEARCH_PATHS = "$(inherited) @executable_path/Frameworks @loader_path/Frameworks";
				PRODUCT_NAME = "$(TARGET_NAME)";
				TEST_HOST = "$(BUILT_PRODUCTS_DIR)/CookedApp.app/CookedApp";
			};
			name = Release;
		};
/* End XCBuildConfiguration section */

/* Begin XCConfigurationList section */
		3989D6F41AFBEF160077FF92 /* Build configuration list for PBXProject "CookedApp" */ = {
			isa = XCConfigurationList;
			buildConfigurations = (
				3989D71A1AFBEF160077FF92 /* Debug */,
				3989D71B1AFBEF160077FF92 /* Release */,
			);
			defaultConfigurationIsVisible = 0;
			defaultConfigurationName = Release;
		};
		3989D71C1AFBEF160077FF92 /* Build configuration list for PBXNativeTarget "CookedApp" */ = {
			isa = XCConfigurationList;
			buildConfigurations = (
				3989D71D1AFBEF160077FF92 /* Debug */,
				3989D71E1AFBEF160077FF92 /* Release */,
			);
			defaultConfigurationIsVisible = 0;
		};
		3989D71F1AFBEF160077FF92 /* Build configuration list for PBXNativeTarget "CookedAppTests" */ = {
			isa = XCConfigurationList;
			buildConfigurations = (
				3989D7201AFBEF160077FF92 /* Debug */,
				3989D7211AFBEF160077FF92 /* Release */,
			);
			defaultConfigurationIsVisible = 0;
		};
/* End XCConfigurationList section */
	};
	rootObject = 3989D6F11AFBEF160077FF92 /* Project object */;
}
